// !$*UTF8*$!
{
	archiveVersion = 1;
	classes = {
	};
	objectVersion = 52;
	objects = {

/* Begin PBXBuildFile section */
		7A17E14A2462E9D700715718 /* .swiftlint.yml in Resources */ = {isa = PBXBuildFile; fileRef = 7A17E1492462E9D700715718 /* .swiftlint.yml */; };
		7A84FA122451C4F200F2C3A0 /* AppDelegate.swift in Sources */ = {isa = PBXBuildFile; fileRef = 7A84FA112451C4F200F2C3A0 /* AppDelegate.swift */; };
		7A84FA142451C4F200F2C3A0 /* SceneDelegate.swift in Sources */ = {isa = PBXBuildFile; fileRef = 7A84FA132451C4F200F2C3A0 /* SceneDelegate.swift */; };
		7A84FA1B2451C4F400F2C3A0 /* Assets.xcassets in Resources */ = {isa = PBXBuildFile; fileRef = 7A84FA1A2451C4F400F2C3A0 /* Assets.xcassets */; };
		7A84FA1E2451C4F400F2C3A0 /* LaunchScreen.storyboard in Resources */ = {isa = PBXBuildFile; fileRef = 7A84FA1C2451C4F400F2C3A0 /* LaunchScreen.storyboard */; };
		7A84FA432451C9AC00F2C3A0 /* Alamofire in Frameworks */ = {isa = PBXBuildFile; productRef = 7A84FA422451C9AC00F2C3A0 /* Alamofire */; };
		7A84FA492451CB6700F2C3A0 /* RequestProtocol.swift in Sources */ = {isa = PBXBuildFile; fileRef = 7A84FA482451CB6700F2C3A0 /* RequestProtocol.swift */; };
		7A84FA4C2451CCD800F2C3A0 /* RequestManager.swift in Sources */ = {isa = PBXBuildFile; fileRef = 7A84FA4B2451CCD800F2C3A0 /* RequestManager.swift */; };
		7A84FA4E2451CD4500F2C3A0 /* BaseResponse.swift in Sources */ = {isa = PBXBuildFile; fileRef = 7A84FA4D2451CD4500F2C3A0 /* BaseResponse.swift */; };
		7A84FA512451CD7A00F2C3A0 /* ResultType.swift in Sources */ = {isa = PBXBuildFile; fileRef = 7A84FA502451CD7A00F2C3A0 /* ResultType.swift */; };
		7A84FA532451CD9C00F2C3A0 /* MovieType.swift in Sources */ = {isa = PBXBuildFile; fileRef = 7A84FA522451CD9C00F2C3A0 /* MovieType.swift */; };
		7A84FA552451CDB800F2C3A0 /* Movie.swift in Sources */ = {isa = PBXBuildFile; fileRef = 7A84FA542451CDB800F2C3A0 /* Movie.swift */; };
		7A84FA572451CDC300F2C3A0 /* SearchResult.swift in Sources */ = {isa = PBXBuildFile; fileRef = 7A84FA562451CDC300F2C3A0 /* SearchResult.swift */; };
		7A84FA592451CDCE00F2C3A0 /* MovieDetail.swift in Sources */ = {isa = PBXBuildFile; fileRef = 7A84FA582451CDCE00F2C3A0 /* MovieDetail.swift */; };
		7A84FA5B2451CDD800F2C3A0 /* MovieRating.swift in Sources */ = {isa = PBXBuildFile; fileRef = 7A84FA5A2451CDD800F2C3A0 /* MovieRating.swift */; };
		7A84FA612451CF8C00F2C3A0 /* ErrorResponse.swift in Sources */ = {isa = PBXBuildFile; fileRef = 7A84FA602451CF8C00F2C3A0 /* ErrorResponse.swift */; };
		7A84FA632451D09E00F2C3A0 /* ErrorCode.swift in Sources */ = {isa = PBXBuildFile; fileRef = 7A84FA622451D09D00F2C3A0 /* ErrorCode.swift */; };
		7A84FA652451D13F00F2C3A0 /* Decodable+Extensions.swift in Sources */ = {isa = PBXBuildFile; fileRef = 7A84FA642451D13F00F2C3A0 /* Decodable+Extensions.swift */; };
		7A84FA682451D4A500F2C3A0 /* ResponseArrayProtocol.swift in Sources */ = {isa = PBXBuildFile; fileRef = 7A84FA672451D4A500F2C3A0 /* ResponseArrayProtocol.swift */; };
		7A84FA6A2451D4B400F2C3A0 /* ResponseObjectProtocol.swift in Sources */ = {isa = PBXBuildFile; fileRef = 7A84FA692451D4B400F2C3A0 /* ResponseObjectProtocol.swift */; };
		7A84FA6C2451D4BD00F2C3A0 /* ResponseSuccessProtocol.swift in Sources */ = {isa = PBXBuildFile; fileRef = 7A84FA6B2451D4BD00F2C3A0 /* ResponseSuccessProtocol.swift */; };
		7A84FA6E2451D74D00F2C3A0 /* ArrayResponse.swift in Sources */ = {isa = PBXBuildFile; fileRef = 7A84FA6D2451D74D00F2C3A0 /* ArrayResponse.swift */; };
		7A84FA722451DD0200F2C3A0 /* SearchMovieRequest.swift in Sources */ = {isa = PBXBuildFile; fileRef = 7A84FA712451DD0200F2C3A0 /* SearchMovieRequest.swift */; };
		7A84FA742451DD0F00F2C3A0 /* GetMovieDetailRequest.swift in Sources */ = {isa = PBXBuildFile; fileRef = 7A84FA732451DD0F00F2C3A0 /* GetMovieDetailRequest.swift */; };
		7A84FA792451E51900F2C3A0 /* SearchMoviesController.swift in Sources */ = {isa = PBXBuildFile; fileRef = 7A84FA782451E51900F2C3A0 /* SearchMoviesController.swift */; };
		7A84FA802451E5A000F2C3A0 /* SearchMoviesViewModel.swift in Sources */ = {isa = PBXBuildFile; fileRef = 7A84FA7F2451E5A000F2C3A0 /* SearchMoviesViewModel.swift */; };
		7A84FA842451EA1D00F2C3A0 /* Router.swift in Sources */ = {isa = PBXBuildFile; fileRef = 7A84FA822451EA1D00F2C3A0 /* Router.swift */; };
		7A84FA852451EA1D00F2C3A0 /* Animator.swift in Sources */ = {isa = PBXBuildFile; fileRef = 7A84FA832451EA1D00F2C3A0 /* Animator.swift */; };
		7A84FA8C2451EA3600F2C3A0 /* AppSettingsRoute.swift in Sources */ = {isa = PBXBuildFile; fileRef = 7A84FA892451EA3600F2C3A0 /* AppSettingsRoute.swift */; };
		7A84FA912451EA4200F2C3A0 /* ModalTransition.swift in Sources */ = {isa = PBXBuildFile; fileRef = 7A84FA8E2451EA4200F2C3A0 /* ModalTransition.swift */; };
		7A84FA922451EA4200F2C3A0 /* PushTransition.swift in Sources */ = {isa = PBXBuildFile; fileRef = 7A84FA8F2451EA4200F2C3A0 /* PushTransition.swift */; };
		7A84FA932451EA4200F2C3A0 /* Transition.swift in Sources */ = {isa = PBXBuildFile; fileRef = 7A84FA902451EA4200F2C3A0 /* Transition.swift */; };
		7A84FA962451EAC800F2C3A0 /* FadeAnimator.swift in Sources */ = {isa = PBXBuildFile; fileRef = 7A84FA952451EAC800F2C3A0 /* FadeAnimator.swift */; };
		7A84FA982451EB3200F2C3A0 /* NoInternetConnectionRoute.swift in Sources */ = {isa = PBXBuildFile; fileRef = 7A84FA972451EB3200F2C3A0 /* NoInternetConnectionRoute.swift */; };
		7A8E3C4624536D0D00C09337 /* PlaceOnWindowTransition.swift in Sources */ = {isa = PBXBuildFile; fileRef = 7A8E3C4524536D0D00C09337 /* PlaceOnWindowTransition.swift */; };
		7A8E3C492453719B00C09337 /* TinyConstraints in Frameworks */ = {isa = PBXBuildFile; productRef = 7A8E3C482453719B00C09337 /* TinyConstraints */; };
		7A8E3C4E2453733700C09337 /* BaseNavigationController.swift in Sources */ = {isa = PBXBuildFile; fileRef = 7A8E3C4D2453733700C09337 /* BaseNavigationController.swift */; };
		7A8E3C5124537C1600C09337 /* SnackHelper.swift in Sources */ = {isa = PBXBuildFile; fileRef = 7A8E3C5024537C1600C09337 /* SnackHelper.swift */; };
		7A8E3C5424537D7900C09337 /* SwiftEntryKit in Frameworks */ = {isa = PBXBuildFile; productRef = 7A8E3C5324537D7900C09337 /* SwiftEntryKit */; };
		7A8E3C5724537DDD00C09337 /* NVActivityIndicatorView in Frameworks */ = {isa = PBXBuildFile; productRef = 7A8E3C5624537DDD00C09337 /* NVActivityIndicatorView */; };
		7A8E3C5924537E1A00C09337 /* LoadingDialogHelper.swift in Sources */ = {isa = PBXBuildFile; fileRef = 7A8E3C5824537E1A00C09337 /* LoadingDialogHelper.swift */; };
		7A8E3C5B24537E8700C09337 /* UIViewController+Extensions.swift in Sources */ = {isa = PBXBuildFile; fileRef = 7A8E3C5A24537E8700C09337 /* UIViewController+Extensions.swift */; };
		7A8E3C5E24537F4100C09337 /* Constants.swift in Sources */ = {isa = PBXBuildFile; fileRef = 7A8E3C5D24537F4100C09337 /* Constants.swift */; };
		7A8E3C602453801800C09337 /* UIFont+Extensions.swift in Sources */ = {isa = PBXBuildFile; fileRef = 7A8E3C5F2453801800C09337 /* UIFont+Extensions.swift */; };
		7A8E3C6424538A6A00C09337 /* MovieCell.swift in Sources */ = {isa = PBXBuildFile; fileRef = 7A8E3C6324538A6A00C09337 /* MovieCell.swift */; };
		7A8E3C6624538D8500C09337 /* UIView+Extensions.swift in Sources */ = {isa = PBXBuildFile; fileRef = 7A8E3C6524538D8500C09337 /* UIView+Extensions.swift */; };
		7A8E3C6824538DB500C09337 /* UICollectionView+Extensions.swift in Sources */ = {isa = PBXBuildFile; fileRef = 7A8E3C6724538DB500C09337 /* UICollectionView+Extensions.swift */; };
		7A8E3C6A24538F3000C09337 /* MovieCellViewModel.swift in Sources */ = {isa = PBXBuildFile; fileRef = 7A8E3C6924538F3000C09337 /* MovieCellViewModel.swift */; };
		7A8E3C6C2453900800C09337 /* MovieType+Extensions.swift in Sources */ = {isa = PBXBuildFile; fileRef = 7A8E3C6B2453900800C09337 /* MovieType+Extensions.swift */; };
		7A8E3C702453951600C09337 /* Kingfisher in Frameworks */ = {isa = PBXBuildFile; productRef = 7A8E3C6F2453951600C09337 /* Kingfisher */; };
		7A8E3C722453A28D00C09337 /* UIImageView+Extensions.swift in Sources */ = {isa = PBXBuildFile; fileRef = 7A8E3C712453A28D00C09337 /* UIImageView+Extensions.swift */; };
		7A9C43AB2454E03100840B7E /* InfoView.swift in Sources */ = {isa = PBXBuildFile; fileRef = 7A9C43A92454E03100840B7E /* InfoView.swift */; };
		7A9C43AC2454E03100840B7E /* InfoViewModel.swift in Sources */ = {isa = PBXBuildFile; fileRef = 7A9C43AA2454E03100840B7E /* InfoViewModel.swift */; };
		7A9C43B12454E08800840B7E /* MovieDetailController.swift in Sources */ = {isa = PBXBuildFile; fileRef = 7A9C43B02454E08800840B7E /* MovieDetailController.swift */; };
		7A9C43B32454E23500840B7E /* MovieDetailViewModel.swift in Sources */ = {isa = PBXBuildFile; fileRef = 7A9C43B22454E23500840B7E /* MovieDetailViewModel.swift */; };
		7A9C43B52454E2CE00840B7E /* MovieDetailRouter.swift in Sources */ = {isa = PBXBuildFile; fileRef = 7A9C43B42454E2CE00840B7E /* MovieDetailRouter.swift */; };
		7A9C43B72454E36400840B7E /* MovieDetailRoute.swift in Sources */ = {isa = PBXBuildFile; fileRef = 7A9C43B62454E36400840B7E /* MovieDetailRoute.swift */; };
		7A9C43B92454EAB400840B7E /* ImdbRoute.swift in Sources */ = {isa = PBXBuildFile; fileRef = 7A9C43B82454EAB400840B7E /* ImdbRoute.swift */; };
		7A9C43BC2454EDF000840B7E /* MovieDetailTopView.swift in Sources */ = {isa = PBXBuildFile; fileRef = 7A9C43BB2454EDF000840B7E /* MovieDetailTopView.swift */; };
		7A9C43BF2454EE2500840B7E /* ShadowView.swift in Sources */ = {isa = PBXBuildFile; fileRef = 7A9C43BE2454EE2500840B7E /* ShadowView.swift */; };
		7A9C43C12454EF2900840B7E /* MovieDetailTopViewModel.swift in Sources */ = {isa = PBXBuildFile; fileRef = 7A9C43C02454EF2900840B7E /* MovieDetailTopViewModel.swift */; };
		7A9C43C52454F70300840B7E /* ImdbButton.swift in Sources */ = {isa = PBXBuildFile; fileRef = 7A9C43C42454F70300840B7E /* ImdbButton.swift */; };
		7A9C43C72454F77E00840B7E /* Colors.xcassets in Resources */ = {isa = PBXBuildFile; fileRef = 7A9C43C62454F77E00840B7E /* Colors.xcassets */; };
		7A9C43CB2454F7B200840B7E /* Colors.swift in Sources */ = {isa = PBXBuildFile; fileRef = 7A9C43CA2454F7B200840B7E /* Colors.swift */; };
		7A9C43CD2454FB6A00840B7E /* MovieDetailImdbView.swift in Sources */ = {isa = PBXBuildFile; fileRef = 7A9C43CC2454FB6A00840B7E /* MovieDetailImdbView.swift */; };
		7A9C43CF2454FB7300840B7E /* MovieDetailImdbViewModel.swift in Sources */ = {isa = PBXBuildFile; fileRef = 7A9C43CE2454FB7300840B7E /* MovieDetailImdbViewModel.swift */; };
		7AF96E9B2452398E00807AFC /* SearchMoviesRouter.swift in Sources */ = {isa = PBXBuildFile; fileRef = 7AF96E9A2452398E00807AFC /* SearchMoviesRouter.swift */; };
		7AF96EA12452415500807AFC /* SearchMoviesRoute.swift in Sources */ = {isa = PBXBuildFile; fileRef = 7AF96EA02452415500807AFC /* SearchMoviesRoute.swift */; };
		7AF96EA624524D4900807AFC /* SplashViewController.swift in Sources */ = {isa = PBXBuildFile; fileRef = 7AF96EA524524D4900807AFC /* SplashViewController.swift */; };
		7AF96EA824524D6100807AFC /* SplashViewModel.swift in Sources */ = {isa = PBXBuildFile; fileRef = 7AF96EA724524D6100807AFC /* SplashViewModel.swift */; };
		7AF96EAA24524D6A00807AFC /* SplashRouter.swift in Sources */ = {isa = PBXBuildFile; fileRef = 7AF96EA924524D6A00807AFC /* SplashRouter.swift */; };
		7AF96EAC24524F0100807AFC /* Splash.storyboard in Resources */ = {isa = PBXBuildFile; fileRef = 7AF96EAB24524F0100807AFC /* Splash.storyboard */; };
/* End PBXBuildFile section */

/* Begin PBXContainerItemProxy section */
		7A84FA252451C4F500F2C3A0 /* PBXContainerItemProxy */ = {
			isa = PBXContainerItemProxy;
			containerPortal = 7A84FA062451C4F200F2C3A0 /* Project object */;
			proxyType = 1;
			remoteGlobalIDString = 7A84FA0D2451C4F200F2C3A0;
			remoteInfo = "mvvm-r";
		};
		7A84FA302451C4F500F2C3A0 /* PBXContainerItemProxy */ = {
			isa = PBXContainerItemProxy;
			containerPortal = 7A84FA062451C4F200F2C3A0 /* Project object */;
			proxyType = 1;
			remoteGlobalIDString = 7A84FA0D2451C4F200F2C3A0;
			remoteInfo = "mvvm-r";
		};
/* End PBXContainerItemProxy section */

/* Begin PBXFileReference section */
		7A17E1492462E9D700715718 /* .swiftlint.yml */ = {isa = PBXFileReference; lastKnownFileType = text.yaml; path = .swiftlint.yml; sourceTree = "<group>"; };
		7A84FA0E2451C4F200F2C3A0 /* mvvm-r.app */ = {isa = PBXFileReference; explicitFileType = wrapper.application; includeInIndex = 0; path = "mvvm-r.app"; sourceTree = BUILT_PRODUCTS_DIR; };
		7A84FA112451C4F200F2C3A0 /* AppDelegate.swift */ = {isa = PBXFileReference; lastKnownFileType = sourcecode.swift; path = AppDelegate.swift; sourceTree = "<group>"; };
		7A84FA132451C4F200F2C3A0 /* SceneDelegate.swift */ = {isa = PBXFileReference; lastKnownFileType = sourcecode.swift; path = SceneDelegate.swift; sourceTree = "<group>"; };
		7A84FA1A2451C4F400F2C3A0 /* Assets.xcassets */ = {isa = PBXFileReference; lastKnownFileType = folder.assetcatalog; path = Assets.xcassets; sourceTree = "<group>"; };
		7A84FA1D2451C4F400F2C3A0 /* Base */ = {isa = PBXFileReference; lastKnownFileType = file.storyboard; name = Base; path = Base.lproj/LaunchScreen.storyboard; sourceTree = "<group>"; };
		7A84FA1F2451C4F400F2C3A0 /* Info.plist */ = {isa = PBXFileReference; lastKnownFileType = text.plist.xml; path = Info.plist; sourceTree = "<group>"; };
		7A84FA242451C4F500F2C3A0 /* mvvm-rTests.xctest */ = {isa = PBXFileReference; explicitFileType = wrapper.cfbundle; includeInIndex = 0; path = "mvvm-rTests.xctest"; sourceTree = BUILT_PRODUCTS_DIR; };
		7A84FA2A2451C4F500F2C3A0 /* Info.plist */ = {isa = PBXFileReference; lastKnownFileType = text.plist.xml; path = Info.plist; sourceTree = "<group>"; };
		7A84FA2F2451C4F500F2C3A0 /* mvvm-rUITests.xctest */ = {isa = PBXFileReference; explicitFileType = wrapper.cfbundle; includeInIndex = 0; path = "mvvm-rUITests.xctest"; sourceTree = BUILT_PRODUCTS_DIR; };
		7A84FA352451C4F500F2C3A0 /* Info.plist */ = {isa = PBXFileReference; lastKnownFileType = text.plist.xml; path = Info.plist; sourceTree = "<group>"; };
		7A84FA482451CB6700F2C3A0 /* RequestProtocol.swift */ = {isa = PBXFileReference; lastKnownFileType = sourcecode.swift; path = RequestProtocol.swift; sourceTree = "<group>"; };
		7A84FA4B2451CCD800F2C3A0 /* RequestManager.swift */ = {isa = PBXFileReference; lastKnownFileType = sourcecode.swift; path = RequestManager.swift; sourceTree = "<group>"; };
		7A84FA4D2451CD4500F2C3A0 /* BaseResponse.swift */ = {isa = PBXFileReference; lastKnownFileType = sourcecode.swift; path = BaseResponse.swift; sourceTree = "<group>"; };
		7A84FA502451CD7A00F2C3A0 /* ResultType.swift */ = {isa = PBXFileReference; lastKnownFileType = sourcecode.swift; path = ResultType.swift; sourceTree = "<group>"; };
		7A84FA522451CD9C00F2C3A0 /* MovieType.swift */ = {isa = PBXFileReference; lastKnownFileType = sourcecode.swift; path = MovieType.swift; sourceTree = "<group>"; };
		7A84FA542451CDB800F2C3A0 /* Movie.swift */ = {isa = PBXFileReference; lastKnownFileType = sourcecode.swift; path = Movie.swift; sourceTree = "<group>"; };
		7A84FA562451CDC300F2C3A0 /* SearchResult.swift */ = {isa = PBXFileReference; lastKnownFileType = sourcecode.swift; path = SearchResult.swift; sourceTree = "<group>"; };
		7A84FA582451CDCE00F2C3A0 /* MovieDetail.swift */ = {isa = PBXFileReference; lastKnownFileType = sourcecode.swift; path = MovieDetail.swift; sourceTree = "<group>"; };
		7A84FA5A2451CDD800F2C3A0 /* MovieRating.swift */ = {isa = PBXFileReference; lastKnownFileType = sourcecode.swift; path = MovieRating.swift; sourceTree = "<group>"; };
		7A84FA602451CF8C00F2C3A0 /* ErrorResponse.swift */ = {isa = PBXFileReference; lastKnownFileType = sourcecode.swift; path = ErrorResponse.swift; sourceTree = "<group>"; };
		7A84FA622451D09D00F2C3A0 /* ErrorCode.swift */ = {isa = PBXFileReference; lastKnownFileType = sourcecode.swift; path = ErrorCode.swift; sourceTree = "<group>"; };
		7A84FA642451D13F00F2C3A0 /* Decodable+Extensions.swift */ = {isa = PBXFileReference; lastKnownFileType = sourcecode.swift; path = "Decodable+Extensions.swift"; sourceTree = "<group>"; };
		7A84FA672451D4A500F2C3A0 /* ResponseArrayProtocol.swift */ = {isa = PBXFileReference; lastKnownFileType = sourcecode.swift; path = ResponseArrayProtocol.swift; sourceTree = "<group>"; };
		7A84FA692451D4B400F2C3A0 /* ResponseObjectProtocol.swift */ = {isa = PBXFileReference; lastKnownFileType = sourcecode.swift; path = ResponseObjectProtocol.swift; sourceTree = "<group>"; };
		7A84FA6B2451D4BD00F2C3A0 /* ResponseSuccessProtocol.swift */ = {isa = PBXFileReference; lastKnownFileType = sourcecode.swift; path = ResponseSuccessProtocol.swift; sourceTree = "<group>"; };
		7A84FA6D2451D74D00F2C3A0 /* ArrayResponse.swift */ = {isa = PBXFileReference; lastKnownFileType = sourcecode.swift; path = ArrayResponse.swift; sourceTree = "<group>"; };
		7A84FA712451DD0200F2C3A0 /* SearchMovieRequest.swift */ = {isa = PBXFileReference; lastKnownFileType = sourcecode.swift; path = SearchMovieRequest.swift; sourceTree = "<group>"; };
		7A84FA732451DD0F00F2C3A0 /* GetMovieDetailRequest.swift */ = {isa = PBXFileReference; lastKnownFileType = sourcecode.swift; path = GetMovieDetailRequest.swift; sourceTree = "<group>"; };
		7A84FA782451E51900F2C3A0 /* SearchMoviesController.swift */ = {isa = PBXFileReference; lastKnownFileType = sourcecode.swift; path = SearchMoviesController.swift; sourceTree = "<group>"; };
		7A84FA7F2451E5A000F2C3A0 /* SearchMoviesViewModel.swift */ = {isa = PBXFileReference; lastKnownFileType = sourcecode.swift; path = SearchMoviesViewModel.swift; sourceTree = "<group>"; };
		7A84FA822451EA1D00F2C3A0 /* Router.swift */ = {isa = PBXFileReference; fileEncoding = 4; lastKnownFileType = sourcecode.swift; path = Router.swift; sourceTree = "<group>"; };
		7A84FA832451EA1D00F2C3A0 /* Animator.swift */ = {isa = PBXFileReference; fileEncoding = 4; lastKnownFileType = sourcecode.swift; path = Animator.swift; sourceTree = "<group>"; };
		7A84FA892451EA3600F2C3A0 /* AppSettingsRoute.swift */ = {isa = PBXFileReference; fileEncoding = 4; lastKnownFileType = sourcecode.swift; path = AppSettingsRoute.swift; sourceTree = "<group>"; };
		7A84FA8E2451EA4200F2C3A0 /* ModalTransition.swift */ = {isa = PBXFileReference; fileEncoding = 4; lastKnownFileType = sourcecode.swift; path = ModalTransition.swift; sourceTree = "<group>"; };
		7A84FA8F2451EA4200F2C3A0 /* PushTransition.swift */ = {isa = PBXFileReference; fileEncoding = 4; lastKnownFileType = sourcecode.swift; path = PushTransition.swift; sourceTree = "<group>"; };
		7A84FA902451EA4200F2C3A0 /* Transition.swift */ = {isa = PBXFileReference; fileEncoding = 4; lastKnownFileType = sourcecode.swift; path = Transition.swift; sourceTree = "<group>"; };
		7A84FA952451EAC800F2C3A0 /* FadeAnimator.swift */ = {isa = PBXFileReference; fileEncoding = 4; lastKnownFileType = sourcecode.swift; path = FadeAnimator.swift; sourceTree = "<group>"; };
		7A84FA972451EB3200F2C3A0 /* NoInternetConnectionRoute.swift */ = {isa = PBXFileReference; fileEncoding = 4; lastKnownFileType = sourcecode.swift; path = NoInternetConnectionRoute.swift; sourceTree = "<group>"; };
		7A8E3C4524536D0D00C09337 /* PlaceOnWindowTransition.swift */ = {isa = PBXFileReference; lastKnownFileType = sourcecode.swift; path = PlaceOnWindowTransition.swift; sourceTree = "<group>"; };
		7A8E3C4D2453733700C09337 /* BaseNavigationController.swift */ = {isa = PBXFileReference; lastKnownFileType = sourcecode.swift; path = BaseNavigationController.swift; sourceTree = "<group>"; };
		7A8E3C5024537C1600C09337 /* SnackHelper.swift */ = {isa = PBXFileReference; lastKnownFileType = sourcecode.swift; path = SnackHelper.swift; sourceTree = "<group>"; };
		7A8E3C5824537E1A00C09337 /* LoadingDialogHelper.swift */ = {isa = PBXFileReference; lastKnownFileType = sourcecode.swift; path = LoadingDialogHelper.swift; sourceTree = "<group>"; };
		7A8E3C5A24537E8700C09337 /* UIViewController+Extensions.swift */ = {isa = PBXFileReference; lastKnownFileType = sourcecode.swift; path = "UIViewController+Extensions.swift"; sourceTree = "<group>"; };
		7A8E3C5D24537F4100C09337 /* Constants.swift */ = {isa = PBXFileReference; lastKnownFileType = sourcecode.swift; path = Constants.swift; sourceTree = "<group>"; };
		7A8E3C5F2453801800C09337 /* UIFont+Extensions.swift */ = {isa = PBXFileReference; lastKnownFileType = sourcecode.swift; path = "UIFont+Extensions.swift"; sourceTree = "<group>"; };
		7A8E3C6324538A6A00C09337 /* MovieCell.swift */ = {isa = PBXFileReference; lastKnownFileType = sourcecode.swift; path = MovieCell.swift; sourceTree = "<group>"; };
		7A8E3C6524538D8500C09337 /* UIView+Extensions.swift */ = {isa = PBXFileReference; lastKnownFileType = sourcecode.swift; path = "UIView+Extensions.swift"; sourceTree = "<group>"; };
		7A8E3C6724538DB500C09337 /* UICollectionView+Extensions.swift */ = {isa = PBXFileReference; lastKnownFileType = sourcecode.swift; path = "UICollectionView+Extensions.swift"; sourceTree = "<group>"; };
		7A8E3C6924538F3000C09337 /* MovieCellViewModel.swift */ = {isa = PBXFileReference; lastKnownFileType = sourcecode.swift; path = MovieCellViewModel.swift; sourceTree = "<group>"; };
		7A8E3C6B2453900800C09337 /* MovieType+Extensions.swift */ = {isa = PBXFileReference; lastKnownFileType = sourcecode.swift; path = "MovieType+Extensions.swift"; sourceTree = "<group>"; };
		7A8E3C712453A28D00C09337 /* UIImageView+Extensions.swift */ = {isa = PBXFileReference; lastKnownFileType = sourcecode.swift; path = "UIImageView+Extensions.swift"; sourceTree = "<group>"; };
		7A9C43A92454E03100840B7E /* InfoView.swift */ = {isa = PBXFileReference; fileEncoding = 4; lastKnownFileType = sourcecode.swift; path = InfoView.swift; sourceTree = "<group>"; };
		7A9C43AA2454E03100840B7E /* InfoViewModel.swift */ = {isa = PBXFileReference; fileEncoding = 4; lastKnownFileType = sourcecode.swift; path = InfoViewModel.swift; sourceTree = "<group>"; };
		7A9C43B02454E08800840B7E /* MovieDetailController.swift */ = {isa = PBXFileReference; lastKnownFileType = sourcecode.swift; path = MovieDetailController.swift; sourceTree = "<group>"; };
		7A9C43B22454E23500840B7E /* MovieDetailViewModel.swift */ = {isa = PBXFileReference; lastKnownFileType = sourcecode.swift; path = MovieDetailViewModel.swift; sourceTree = "<group>"; };
		7A9C43B42454E2CE00840B7E /* MovieDetailRouter.swift */ = {isa = PBXFileReference; lastKnownFileType = sourcecode.swift; path = MovieDetailRouter.swift; sourceTree = "<group>"; };
		7A9C43B62454E36400840B7E /* MovieDetailRoute.swift */ = {isa = PBXFileReference; lastKnownFileType = sourcecode.swift; path = MovieDetailRoute.swift; sourceTree = "<group>"; };
		7A9C43B82454EAB400840B7E /* ImdbRoute.swift */ = {isa = PBXFileReference; lastKnownFileType = sourcecode.swift; path = ImdbRoute.swift; sourceTree = "<group>"; };
		7A9C43BB2454EDF000840B7E /* MovieDetailTopView.swift */ = {isa = PBXFileReference; lastKnownFileType = sourcecode.swift; path = MovieDetailTopView.swift; sourceTree = "<group>"; };
		7A9C43BE2454EE2500840B7E /* ShadowView.swift */ = {isa = PBXFileReference; lastKnownFileType = sourcecode.swift; path = ShadowView.swift; sourceTree = "<group>"; };
		7A9C43C02454EF2900840B7E /* MovieDetailTopViewModel.swift */ = {isa = PBXFileReference; lastKnownFileType = sourcecode.swift; path = MovieDetailTopViewModel.swift; sourceTree = "<group>"; };
		7A9C43C42454F70300840B7E /* ImdbButton.swift */ = {isa = PBXFileReference; lastKnownFileType = sourcecode.swift; path = ImdbButton.swift; sourceTree = "<group>"; };
		7A9C43C62454F77E00840B7E /* Colors.xcassets */ = {isa = PBXFileReference; lastKnownFileType = folder.assetcatalog; path = Colors.xcassets; sourceTree = "<group>"; };
		7A9C43CA2454F7B200840B7E /* Colors.swift */ = {isa = PBXFileReference; lastKnownFileType = sourcecode.swift; path = Colors.swift; sourceTree = "<group>"; };
		7A9C43CC2454FB6A00840B7E /* MovieDetailImdbView.swift */ = {isa = PBXFileReference; lastKnownFileType = sourcecode.swift; path = MovieDetailImdbView.swift; sourceTree = "<group>"; };
		7A9C43CE2454FB7300840B7E /* MovieDetailImdbViewModel.swift */ = {isa = PBXFileReference; lastKnownFileType = sourcecode.swift; path = MovieDetailImdbViewModel.swift; sourceTree = "<group>"; };
		7AF96E9A2452398E00807AFC /* SearchMoviesRouter.swift */ = {isa = PBXFileReference; lastKnownFileType = sourcecode.swift; path = SearchMoviesRouter.swift; sourceTree = "<group>"; };
		7AF96EA02452415500807AFC /* SearchMoviesRoute.swift */ = {isa = PBXFileReference; lastKnownFileType = sourcecode.swift; path = SearchMoviesRoute.swift; sourceTree = "<group>"; };
		7AF96EA524524D4900807AFC /* SplashViewController.swift */ = {isa = PBXFileReference; lastKnownFileType = sourcecode.swift; path = SplashViewController.swift; sourceTree = "<group>"; };
		7AF96EA724524D6100807AFC /* SplashViewModel.swift */ = {isa = PBXFileReference; lastKnownFileType = sourcecode.swift; path = SplashViewModel.swift; sourceTree = "<group>"; };
		7AF96EA924524D6A00807AFC /* SplashRouter.swift */ = {isa = PBXFileReference; lastKnownFileType = sourcecode.swift; path = SplashRouter.swift; sourceTree = "<group>"; };
		7AF96EAB24524F0100807AFC /* Splash.storyboard */ = {isa = PBXFileReference; lastKnownFileType = file.storyboard; path = Splash.storyboard; sourceTree = "<group>"; };
/* End PBXFileReference section */

/* Begin PBXFrameworksBuildPhase section */
		7A84FA0B2451C4F200F2C3A0 /* Frameworks */ = {
			isa = PBXFrameworksBuildPhase;
			buildActionMask = 2147483647;
			files = (
				7A8E3C5724537DDD00C09337 /* NVActivityIndicatorView in Frameworks */,
				7A84FA432451C9AC00F2C3A0 /* Alamofire in Frameworks */,
				7A8E3C492453719B00C09337 /* TinyConstraints in Frameworks */,
				7A8E3C5424537D7900C09337 /* SwiftEntryKit in Frameworks */,
				7A8E3C702453951600C09337 /* Kingfisher in Frameworks */,
			);
			runOnlyForDeploymentPostprocessing = 0;
		};
		7A84FA212451C4F500F2C3A0 /* Frameworks */ = {
			isa = PBXFrameworksBuildPhase;
			buildActionMask = 2147483647;
			files = (
			);
			runOnlyForDeploymentPostprocessing = 0;
		};
		7A84FA2C2451C4F500F2C3A0 /* Frameworks */ = {
			isa = PBXFrameworksBuildPhase;
			buildActionMask = 2147483647;
			files = (
			);
			runOnlyForDeploymentPostprocessing = 0;
		};
/* End PBXFrameworksBuildPhase section */

/* Begin PBXGroup section */
		7A84FA052451C4F200F2C3A0 = {
			isa = PBXGroup;
			children = (
				7A17E1492462E9D700715718 /* .swiftlint.yml */,
				7A84FA102451C4F200F2C3A0 /* mvvm-r */,
				7A84FA272451C4F500F2C3A0 /* mvvm-rTests */,
				7A84FA322451C4F500F2C3A0 /* mvvm-rUITests */,
				7A84FA0F2451C4F200F2C3A0 /* Products */,
			);
			sourceTree = "<group>";
		};
		7A84FA0F2451C4F200F2C3A0 /* Products */ = {
			isa = PBXGroup;
			children = (
				7A84FA0E2451C4F200F2C3A0 /* mvvm-r.app */,
				7A84FA242451C4F500F2C3A0 /* mvvm-rTests.xctest */,
				7A84FA2F2451C4F500F2C3A0 /* mvvm-rUITests.xctest */,
			);
			name = Products;
			sourceTree = "<group>";
		};
		7A84FA102451C4F200F2C3A0 /* mvvm-r */ = {
			isa = PBXGroup;
			children = (
				7A9C43C82454F7A200840B7E /* Values */,
				7A9C43A72454E01D00840B7E /* CustomViews */,
				7A8E3C5C24537F3600C09337 /* Constants */,
				7A84FA942451EABF00F2C3A0 /* Animator */,
				7A84FA812451E9F000F2C3A0 /* Routing */,
				7A84FA5C2451CE8100F2C3A0 /* Extensions */,
				7A8E3C4F24537C0800C09337 /* Helper */,
				7A84FA442451CB0500F2C3A0 /* Network */,
				7A84FA752451E4F600F2C3A0 /* Modules */,
				7A8E3C6124538A4800C09337 /* Cells */,
				7A84FA112451C4F200F2C3A0 /* AppDelegate.swift */,
				7A84FA132451C4F200F2C3A0 /* SceneDelegate.swift */,
				7A84FA1A2451C4F400F2C3A0 /* Assets.xcassets */,
				7A84FA1C2451C4F400F2C3A0 /* LaunchScreen.storyboard */,
				7A84FA1F2451C4F400F2C3A0 /* Info.plist */,
				7A9C43C62454F77E00840B7E /* Colors.xcassets */,
			);
			path = "mvvm-r";
			sourceTree = "<group>";
		};
		7A84FA272451C4F500F2C3A0 /* mvvm-rTests */ = {
			isa = PBXGroup;
			children = (
				7A84FA2A2451C4F500F2C3A0 /* Info.plist */,
			);
			path = "mvvm-rTests";
			sourceTree = "<group>";
		};
		7A84FA322451C4F500F2C3A0 /* mvvm-rUITests */ = {
			isa = PBXGroup;
			children = (
				7A84FA352451C4F500F2C3A0 /* Info.plist */,
			);
			path = "mvvm-rUITests";
			sourceTree = "<group>";
		};
		7A84FA442451CB0500F2C3A0 /* Network */ = {
			isa = PBXGroup;
			children = (
				7A8E3C6D2453900F00C09337 /* Extensions */,
				7A84FA662451D48D00F2C3A0 /* Requests */,
				7A84FA4F2451CD7400F2C3A0 /* Enum */,
				7A84FA4A2451CC5100F2C3A0 /* Model */,
				7A84FA462451CB5600F2C3A0 /* Protocol */,
				7A84FA452451CB4700F2C3A0 /* Manager */,
			);
			path = Network;
			sourceTree = "<group>";
		};
		7A84FA452451CB4700F2C3A0 /* Manager */ = {
			isa = PBXGroup;
			children = (
				7A84FA4B2451CCD800F2C3A0 /* RequestManager.swift */,
				7A84FA622451D09D00F2C3A0 /* ErrorCode.swift */,
			);
			path = Manager;
			sourceTree = "<group>";
		};
		7A84FA462451CB5600F2C3A0 /* Protocol */ = {
			isa = PBXGroup;
			children = (
				7A84FA482451CB6700F2C3A0 /* RequestProtocol.swift */,
				7A84FA672451D4A500F2C3A0 /* ResponseArrayProtocol.swift */,
				7A84FA692451D4B400F2C3A0 /* ResponseObjectProtocol.swift */,
				7A84FA6B2451D4BD00F2C3A0 /* ResponseSuccessProtocol.swift */,
			);
			path = Protocol;
			sourceTree = "<group>";
		};
		7A84FA4A2451CC5100F2C3A0 /* Model */ = {
			isa = PBXGroup;
			children = (
				7A84FA5F2451CF6D00F2C3A0 /* Response */,
				7A84FA5E2451CF6300F2C3A0 /* Base */,
				7A84FA5D2451CF5800F2C3A0 /* Local */,
			);
			path = Model;
			sourceTree = "<group>";
		};
		7A84FA4F2451CD7400F2C3A0 /* Enum */ = {
			isa = PBXGroup;
			children = (
				7A84FA502451CD7A00F2C3A0 /* ResultType.swift */,
				7A84FA522451CD9C00F2C3A0 /* MovieType.swift */,
			);
			path = Enum;
			sourceTree = "<group>";
		};
		7A84FA5C2451CE8100F2C3A0 /* Extensions */ = {
			isa = PBXGroup;
			children = (
				7A84FA642451D13F00F2C3A0 /* Decodable+Extensions.swift */,
				7A8E3C5A24537E8700C09337 /* UIViewController+Extensions.swift */,
				7A8E3C5F2453801800C09337 /* UIFont+Extensions.swift */,
				7A8E3C6524538D8500C09337 /* UIView+Extensions.swift */,
				7A8E3C6724538DB500C09337 /* UICollectionView+Extensions.swift */,
				7A8E3C712453A28D00C09337 /* UIImageView+Extensions.swift */,
			);
			path = Extensions;
			sourceTree = "<group>";
		};
		7A84FA5D2451CF5800F2C3A0 /* Local */ = {
			isa = PBXGroup;
			children = (
				7A84FA602451CF8C00F2C3A0 /* ErrorResponse.swift */,
			);
			path = Local;
			sourceTree = "<group>";
		};
		7A84FA5E2451CF6300F2C3A0 /* Base */ = {
			isa = PBXGroup;
			children = (
				7A84FA4D2451CD4500F2C3A0 /* BaseResponse.swift */,
				7A84FA6D2451D74D00F2C3A0 /* ArrayResponse.swift */,
			);
			path = Base;
			sourceTree = "<group>";
		};
		7A84FA5F2451CF6D00F2C3A0 /* Response */ = {
			isa = PBXGroup;
			children = (
				7A84FA542451CDB800F2C3A0 /* Movie.swift */,
				7A84FA562451CDC300F2C3A0 /* SearchResult.swift */,
				7A84FA582451CDCE00F2C3A0 /* MovieDetail.swift */,
				7A84FA5A2451CDD800F2C3A0 /* MovieRating.swift */,
			);
			path = Response;
			sourceTree = "<group>";
		};
		7A84FA662451D48D00F2C3A0 /* Requests */ = {
			isa = PBXGroup;
			children = (
				7A84FA712451DD0200F2C3A0 /* SearchMovieRequest.swift */,
				7A84FA732451DD0F00F2C3A0 /* GetMovieDetailRequest.swift */,
			);
			path = Requests;
			sourceTree = "<group>";
		};
		7A84FA752451E4F600F2C3A0 /* Modules */ = {
			isa = PBXGroup;
			children = (
				7A8E3C4C2453732900C09337 /* NavigationController */,
				7AF96EA424524D3E00807AFC /* Splash */,
				7A84FA762451E50000F2C3A0 /* SearchMovies */,
				7A9C43AF2454E07500840B7E /* MovieDetail */,
			);
			path = Modules;
			sourceTree = "<group>";
		};
		7A84FA762451E50000F2C3A0 /* SearchMovies */ = {
			isa = PBXGroup;
			children = (
				7A84FA782451E51900F2C3A0 /* SearchMoviesController.swift */,
				7A84FA7F2451E5A000F2C3A0 /* SearchMoviesViewModel.swift */,
				7AF96E9A2452398E00807AFC /* SearchMoviesRouter.swift */,
			);
			path = SearchMovies;
			sourceTree = "<group>";
		};
		7A84FA812451E9F000F2C3A0 /* Routing */ = {
			isa = PBXGroup;
			children = (
				7A84FA872451EA2F00F2C3A0 /* Routes */,
				7A84FA862451EA2600F2C3A0 /* Transitions */,
				7A84FA832451EA1D00F2C3A0 /* Animator.swift */,
				7A84FA822451EA1D00F2C3A0 /* Router.swift */,
			);
			path = Routing;
			sourceTree = "<group>";
		};
		7A84FA862451EA2600F2C3A0 /* Transitions */ = {
			isa = PBXGroup;
			children = (
				7A84FA8E2451EA4200F2C3A0 /* ModalTransition.swift */,
				7A84FA8F2451EA4200F2C3A0 /* PushTransition.swift */,
				7A84FA902451EA4200F2C3A0 /* Transition.swift */,
				7A8E3C4524536D0D00C09337 /* PlaceOnWindowTransition.swift */,
			);
			path = Transitions;
			sourceTree = "<group>";
		};
		7A84FA872451EA2F00F2C3A0 /* Routes */ = {
			isa = PBXGroup;
			children = (
				7A84FA972451EB3200F2C3A0 /* NoInternetConnectionRoute.swift */,
				7A84FA892451EA3600F2C3A0 /* AppSettingsRoute.swift */,
				7AF96EA02452415500807AFC /* SearchMoviesRoute.swift */,
				7A9C43B62454E36400840B7E /* MovieDetailRoute.swift */,
				7A9C43B82454EAB400840B7E /* ImdbRoute.swift */,
			);
			path = Routes;
			sourceTree = "<group>";
		};
		7A84FA942451EABF00F2C3A0 /* Animator */ = {
			isa = PBXGroup;
			children = (
				7A84FA952451EAC800F2C3A0 /* FadeAnimator.swift */,
			);
			path = Animator;
			sourceTree = "<group>";
		};
		7A8E3C4C2453732900C09337 /* NavigationController */ = {
			isa = PBXGroup;
			children = (
				7A8E3C4D2453733700C09337 /* BaseNavigationController.swift */,
			);
			path = NavigationController;
			sourceTree = "<group>";
		};
		7A8E3C4F24537C0800C09337 /* Helper */ = {
			isa = PBXGroup;
			children = (
				7A8E3C5024537C1600C09337 /* SnackHelper.swift */,
				7A8E3C5824537E1A00C09337 /* LoadingDialogHelper.swift */,
			);
			path = Helper;
			sourceTree = "<group>";
		};
		7A8E3C5C24537F3600C09337 /* Constants */ = {
			isa = PBXGroup;
			children = (
				7A8E3C5D24537F4100C09337 /* Constants.swift */,
			);
			path = Constants;
			sourceTree = "<group>";
		};
		7A8E3C6124538A4800C09337 /* Cells */ = {
			isa = PBXGroup;
			children = (
				7A8E3C6224538A5600C09337 /* MovieCell */,
			);
			path = Cells;
			sourceTree = "<group>";
		};
		7A8E3C6224538A5600C09337 /* MovieCell */ = {
			isa = PBXGroup;
			children = (
				7A8E3C6324538A6A00C09337 /* MovieCell.swift */,
				7A8E3C6924538F3000C09337 /* MovieCellViewModel.swift */,
			);
			path = MovieCell;
			sourceTree = "<group>";
		};
		7A8E3C6D2453900F00C09337 /* Extensions */ = {
			isa = PBXGroup;
			children = (
				7A8E3C6B2453900800C09337 /* MovieType+Extensions.swift */,
			);
			path = Extensions;
			sourceTree = "<group>";
		};
		7A9C43A72454E01D00840B7E /* CustomViews */ = {
			isa = PBXGroup;
			children = (
				7A9C43C32454F6F600840B7E /* UIButton */,
				7A9C43C22454F6EE00840B7E /* UIView */,
			);
			path = CustomViews;
			sourceTree = "<group>";
		};
		7A9C43A82454E02700840B7E /* InfoView */ = {
			isa = PBXGroup;
			children = (
				7A9C43A92454E03100840B7E /* InfoView.swift */,
				7A9C43AA2454E03100840B7E /* InfoViewModel.swift */,
			);
			path = InfoView;
			sourceTree = "<group>";
		};
		7A9C43AF2454E07500840B7E /* MovieDetail */ = {
			isa = PBXGroup;
			children = (
				7A9C43B02454E08800840B7E /* MovieDetailController.swift */,
				7A9C43B22454E23500840B7E /* MovieDetailViewModel.swift */,
				7A9C43B42454E2CE00840B7E /* MovieDetailRouter.swift */,
				7A9C43BB2454EDF000840B7E /* MovieDetailTopView.swift */,
				7A9C43C02454EF2900840B7E /* MovieDetailTopViewModel.swift */,
				7A9C43CC2454FB6A00840B7E /* MovieDetailImdbView.swift */,
				7A9C43CE2454FB7300840B7E /* MovieDetailImdbViewModel.swift */,
			);
			path = MovieDetail;
			sourceTree = "<group>";
		};
		7A9C43BD2454EE1400840B7E /* ShadowView */ = {
			isa = PBXGroup;
			children = (
				7A9C43BE2454EE2500840B7E /* ShadowView.swift */,
			);
			path = ShadowView;
			sourceTree = "<group>";
		};
		7A9C43C22454F6EE00840B7E /* UIView */ = {
			isa = PBXGroup;
			children = (
				7A9C43BD2454EE1400840B7E /* ShadowView */,
				7A9C43A82454E02700840B7E /* InfoView */,
			);
			path = UIView;
			sourceTree = "<group>";
		};
		7A9C43C32454F6F600840B7E /* UIButton */ = {
			isa = PBXGroup;
			children = (
				7A9C43C42454F70300840B7E /* ImdbButton.swift */,
			);
			path = UIButton;
			sourceTree = "<group>";
		};
		7A9C43C82454F7A200840B7E /* Values */ = {
			isa = PBXGroup;
			children = (
				7A9C43C92454F7A900840B7E /* Colors */,
			);
			path = Values;
			sourceTree = "<group>";
		};
		7A9C43C92454F7A900840B7E /* Colors */ = {
			isa = PBXGroup;
			children = (
				7A9C43CA2454F7B200840B7E /* Colors.swift */,
			);
			path = Colors;
			sourceTree = "<group>";
		};
		7AF96EA424524D3E00807AFC /* Splash */ = {
			isa = PBXGroup;
			children = (
				7AF96EAB24524F0100807AFC /* Splash.storyboard */,
				7AF96EA524524D4900807AFC /* SplashViewController.swift */,
				7AF96EA724524D6100807AFC /* SplashViewModel.swift */,
				7AF96EA924524D6A00807AFC /* SplashRouter.swift */,
			);
			path = Splash;
			sourceTree = "<group>";
		};
/* End PBXGroup section */

/* Begin PBXNativeTarget section */
		7A84FA0D2451C4F200F2C3A0 /* mvvm-r */ = {
			isa = PBXNativeTarget;
			buildConfigurationList = 7A84FA382451C4F500F2C3A0 /* Build configuration list for PBXNativeTarget "mvvm-r" */;
			buildPhases = (
				7A84FA0A2451C4F200F2C3A0 /* Sources */,
				7A84FA0B2451C4F200F2C3A0 /* Frameworks */,
				7A84FA0C2451C4F200F2C3A0 /* Resources */,
				7A17E14B2462E9E700715718 /* Swiftlint */,
			);
			buildRules = (
			);
			dependencies = (
			);
			name = "mvvm-r";
			packageProductDependencies = (
				7A84FA422451C9AC00F2C3A0 /* Alamofire */,
				7A8E3C482453719B00C09337 /* TinyConstraints */,
				7A8E3C5324537D7900C09337 /* SwiftEntryKit */,
				7A8E3C5624537DDD00C09337 /* NVActivityIndicatorView */,
				7A8E3C6F2453951600C09337 /* Kingfisher */,
			);
			productName = "mvvm-r";
			productReference = 7A84FA0E2451C4F200F2C3A0 /* mvvm-r.app */;
			productType = "com.apple.product-type.application";
		};
		7A84FA232451C4F500F2C3A0 /* mvvm-rTests */ = {
			isa = PBXNativeTarget;
			buildConfigurationList = 7A84FA3B2451C4F500F2C3A0 /* Build configuration list for PBXNativeTarget "mvvm-rTests" */;
			buildPhases = (
				7A84FA202451C4F500F2C3A0 /* Sources */,
				7A84FA212451C4F500F2C3A0 /* Frameworks */,
				7A84FA222451C4F500F2C3A0 /* Resources */,
			);
			buildRules = (
			);
			dependencies = (
				7A84FA262451C4F500F2C3A0 /* PBXTargetDependency */,
			);
			name = "mvvm-rTests";
			productName = "mvvm-rTests";
			productReference = 7A84FA242451C4F500F2C3A0 /* mvvm-rTests.xctest */;
			productType = "com.apple.product-type.bundle.unit-test";
		};
		7A84FA2E2451C4F500F2C3A0 /* mvvm-rUITests */ = {
			isa = PBXNativeTarget;
			buildConfigurationList = 7A84FA3E2451C4F500F2C3A0 /* Build configuration list for PBXNativeTarget "mvvm-rUITests" */;
			buildPhases = (
				7A84FA2B2451C4F500F2C3A0 /* Sources */,
				7A84FA2C2451C4F500F2C3A0 /* Frameworks */,
				7A84FA2D2451C4F500F2C3A0 /* Resources */,
			);
			buildRules = (
			);
			dependencies = (
				7A84FA312451C4F500F2C3A0 /* PBXTargetDependency */,
			);
			name = "mvvm-rUITests";
			productName = "mvvm-rUITests";
			productReference = 7A84FA2F2451C4F500F2C3A0 /* mvvm-rUITests.xctest */;
			productType = "com.apple.product-type.bundle.ui-testing";
		};
/* End PBXNativeTarget section */

/* Begin PBXProject section */
		7A84FA062451C4F200F2C3A0 /* Project object */ = {
			isa = PBXProject;
			attributes = {
				LastSwiftUpdateCheck = 1140;
				LastUpgradeCheck = 1140;
				ORGANIZATIONNAME = "Mehmet Salih Aslan";
				TargetAttributes = {
					7A84FA0D2451C4F200F2C3A0 = {
						CreatedOnToolsVersion = 11.4.1;
					};
					7A84FA232451C4F500F2C3A0 = {
						CreatedOnToolsVersion = 11.4.1;
						TestTargetID = 7A84FA0D2451C4F200F2C3A0;
					};
					7A84FA2E2451C4F500F2C3A0 = {
						CreatedOnToolsVersion = 11.4.1;
						TestTargetID = 7A84FA0D2451C4F200F2C3A0;
					};
				};
			};
			buildConfigurationList = 7A84FA092451C4F200F2C3A0 /* Build configuration list for PBXProject "mvvm-r" */;
			compatibilityVersion = "Xcode 9.3";
			developmentRegion = en;
			hasScannedForEncodings = 0;
			knownRegions = (
				en,
				Base,
			);
			mainGroup = 7A84FA052451C4F200F2C3A0;
			packageReferences = (
				7A84FA412451C9AC00F2C3A0 /* XCRemoteSwiftPackageReference "Alamofire" */,
				7A8E3C472453719B00C09337 /* XCRemoteSwiftPackageReference "TinyConstraints" */,
				7A8E3C5224537D7900C09337 /* XCRemoteSwiftPackageReference "SwiftEntryKit" */,
				7A8E3C5524537DDD00C09337 /* XCRemoteSwiftPackageReference "NVActivityIndicatorView" */,
				7A8E3C6E2453951600C09337 /* XCRemoteSwiftPackageReference "Kingfisher" */,
			);
			productRefGroup = 7A84FA0F2451C4F200F2C3A0 /* Products */;
			projectDirPath = "";
			projectRoot = "";
			targets = (
				7A84FA0D2451C4F200F2C3A0 /* mvvm-r */,
				7A84FA232451C4F500F2C3A0 /* mvvm-rTests */,
				7A84FA2E2451C4F500F2C3A0 /* mvvm-rUITests */,
			);
		};
/* End PBXProject section */

/* Begin PBXResourcesBuildPhase section */
		7A84FA0C2451C4F200F2C3A0 /* Resources */ = {
			isa = PBXResourcesBuildPhase;
			buildActionMask = 2147483647;
			files = (
				7A17E14A2462E9D700715718 /* .swiftlint.yml in Resources */,
				7AF96EAC24524F0100807AFC /* Splash.storyboard in Resources */,
				7A9C43C72454F77E00840B7E /* Colors.xcassets in Resources */,
				7A84FA1E2451C4F400F2C3A0 /* LaunchScreen.storyboard in Resources */,
				7A84FA1B2451C4F400F2C3A0 /* Assets.xcassets in Resources */,
			);
			runOnlyForDeploymentPostprocessing = 0;
		};
		7A84FA222451C4F500F2C3A0 /* Resources */ = {
			isa = PBXResourcesBuildPhase;
			buildActionMask = 2147483647;
			files = (
			);
			runOnlyForDeploymentPostprocessing = 0;
		};
		7A84FA2D2451C4F500F2C3A0 /* Resources */ = {
			isa = PBXResourcesBuildPhase;
			buildActionMask = 2147483647;
			files = (
			);
			runOnlyForDeploymentPostprocessing = 0;
		};
/* End PBXResourcesBuildPhase section */

/* Begin PBXShellScriptBuildPhase section */
		7A17E14B2462E9E700715718 /* Swiftlint */ = {
			isa = PBXShellScriptBuildPhase;
			buildActionMask = 2147483647;
			files = (
			);
			inputFileListPaths = (
			);
			inputPaths = (
			);
			name = Swiftlint;
			outputFileListPaths = (
			);
			outputPaths = (
			);
			runOnlyForDeploymentPostprocessing = 0;
			shellPath = /bin/sh;
			shellScript = "if which swiftlint >/dev/null; then\n  swiftlint\nelse\n  echo \"warning: SwiftLint not installed, download from https://github.com/realm/SwiftLint\"\nfi\n";
		};
/* End PBXShellScriptBuildPhase section */

/* Begin PBXSourcesBuildPhase section */
		7A84FA0A2451C4F200F2C3A0 /* Sources */ = {
			isa = PBXSourcesBuildPhase;
			buildActionMask = 2147483647;
			files = (
				7A84FA512451CD7A00F2C3A0 /* ResultType.swift in Sources */,
				7A9C43CB2454F7B200840B7E /* Colors.swift in Sources */,
				7A84FA912451EA4200F2C3A0 /* ModalTransition.swift in Sources */,
				7A84FA8C2451EA3600F2C3A0 /* AppSettingsRoute.swift in Sources */,
				7A84FA5B2451CDD800F2C3A0 /* MovieRating.swift in Sources */,
				7A84FA4C2451CCD800F2C3A0 /* RequestManager.swift in Sources */,
				7A9C43B92454EAB400840B7E /* ImdbRoute.swift in Sources */,
				7A84FA792451E51900F2C3A0 /* SearchMoviesController.swift in Sources */,
				7A9C43AB2454E03100840B7E /* InfoView.swift in Sources */,
				7A84FA632451D09E00F2C3A0 /* ErrorCode.swift in Sources */,
				7A8E3C6424538A6A00C09337 /* MovieCell.swift in Sources */,
				7A84FA932451EA4200F2C3A0 /* Transition.swift in Sources */,
				7A84FA852451EA1D00F2C3A0 /* Animator.swift in Sources */,
				7A9C43CD2454FB6A00840B7E /* MovieDetailImdbView.swift in Sources */,
				7A8E3C6624538D8500C09337 /* UIView+Extensions.swift in Sources */,
				7AF96EA12452415500807AFC /* SearchMoviesRoute.swift in Sources */,
				7A84FA922451EA4200F2C3A0 /* PushTransition.swift in Sources */,
				7A8E3C5924537E1A00C09337 /* LoadingDialogHelper.swift in Sources */,
				7A8E3C5B24537E8700C09337 /* UIViewController+Extensions.swift in Sources */,
				7A8E3C6A24538F3000C09337 /* MovieCellViewModel.swift in Sources */,
				7AF96EA824524D6100807AFC /* SplashViewModel.swift in Sources */,
				7A84FA572451CDC300F2C3A0 /* SearchResult.swift in Sources */,
				7A84FA552451CDB800F2C3A0 /* Movie.swift in Sources */,
				7A8E3C6C2453900800C09337 /* MovieType+Extensions.swift in Sources */,
				7A9C43B52454E2CE00840B7E /* MovieDetailRouter.swift in Sources */,
				7AF96E9B2452398E00807AFC /* SearchMoviesRouter.swift in Sources */,
				7A84FA682451D4A500F2C3A0 /* ResponseArrayProtocol.swift in Sources */,
				7A8E3C4E2453733700C09337 /* BaseNavigationController.swift in Sources */,
				7A9C43CF2454FB7300840B7E /* MovieDetailImdbViewModel.swift in Sources */,
				7A84FA122451C4F200F2C3A0 /* AppDelegate.swift in Sources */,
				7A8E3C5124537C1600C09337 /* SnackHelper.swift in Sources */,
				7A84FA652451D13F00F2C3A0 /* Decodable+Extensions.swift in Sources */,
				7A84FA6C2451D4BD00F2C3A0 /* ResponseSuccessProtocol.swift in Sources */,
				7A84FA742451DD0F00F2C3A0 /* GetMovieDetailRequest.swift in Sources */,
				7A8E3C5E24537F4100C09337 /* Constants.swift in Sources */,
				7A9C43AC2454E03100840B7E /* InfoViewModel.swift in Sources */,
				7A84FA532451CD9C00F2C3A0 /* MovieType.swift in Sources */,
				7A8E3C722453A28D00C09337 /* UIImageView+Extensions.swift in Sources */,
				7A9C43B72454E36400840B7E /* MovieDetailRoute.swift in Sources */,
				7A9C43BF2454EE2500840B7E /* ShadowView.swift in Sources */,
				7A84FA4E2451CD4500F2C3A0 /* BaseResponse.swift in Sources */,
				7AF96EA624524D4900807AFC /* SplashViewController.swift in Sources */,
				7A84FA962451EAC800F2C3A0 /* FadeAnimator.swift in Sources */,
				7A84FA722451DD0200F2C3A0 /* SearchMovieRequest.swift in Sources */,
				7A8E3C6824538DB500C09337 /* UICollectionView+Extensions.swift in Sources */,
				7A9C43C52454F70300840B7E /* ImdbButton.swift in Sources */,
				7A84FA982451EB3200F2C3A0 /* NoInternetConnectionRoute.swift in Sources */,
				7A84FA842451EA1D00F2C3A0 /* Router.swift in Sources */,
				7A9C43B12454E08800840B7E /* MovieDetailController.swift in Sources */,
				7A9C43BC2454EDF000840B7E /* MovieDetailTopView.swift in Sources */,
				7A84FA802451E5A000F2C3A0 /* SearchMoviesViewModel.swift in Sources */,
				7A84FA142451C4F200F2C3A0 /* SceneDelegate.swift in Sources */,
				7A8E3C602453801800C09337 /* UIFont+Extensions.swift in Sources */,
				7A9C43B32454E23500840B7E /* MovieDetailViewModel.swift in Sources */,
				7A8E3C4624536D0D00C09337 /* PlaceOnWindowTransition.swift in Sources */,
				7A84FA492451CB6700F2C3A0 /* RequestProtocol.swift in Sources */,
				7A9C43C12454EF2900840B7E /* MovieDetailTopViewModel.swift in Sources */,
				7AF96EAA24524D6A00807AFC /* SplashRouter.swift in Sources */,
				7A84FA592451CDCE00F2C3A0 /* MovieDetail.swift in Sources */,
				7A84FA6A2451D4B400F2C3A0 /* ResponseObjectProtocol.swift in Sources */,
				7A84FA6E2451D74D00F2C3A0 /* ArrayResponse.swift in Sources */,
				7A84FA612451CF8C00F2C3A0 /* ErrorResponse.swift in Sources */,
			);
			runOnlyForDeploymentPostprocessing = 0;
		};
		7A84FA202451C4F500F2C3A0 /* Sources */ = {
			isa = PBXSourcesBuildPhase;
			buildActionMask = 2147483647;
			files = (
			);
			runOnlyForDeploymentPostprocessing = 0;
		};
		7A84FA2B2451C4F500F2C3A0 /* Sources */ = {
			isa = PBXSourcesBuildPhase;
			buildActionMask = 2147483647;
			files = (
			);
			runOnlyForDeploymentPostprocessing = 0;
		};
/* End PBXSourcesBuildPhase section */

/* Begin PBXTargetDependency section */
		7A84FA262451C4F500F2C3A0 /* PBXTargetDependency */ = {
			isa = PBXTargetDependency;
			target = 7A84FA0D2451C4F200F2C3A0 /* mvvm-r */;
			targetProxy = 7A84FA252451C4F500F2C3A0 /* PBXContainerItemProxy */;
		};
		7A84FA312451C4F500F2C3A0 /* PBXTargetDependency */ = {
			isa = PBXTargetDependency;
			target = 7A84FA0D2451C4F200F2C3A0 /* mvvm-r */;
			targetProxy = 7A84FA302451C4F500F2C3A0 /* PBXContainerItemProxy */;
		};
/* End PBXTargetDependency section */

/* Begin PBXVariantGroup section */
		7A84FA1C2451C4F400F2C3A0 /* LaunchScreen.storyboard */ = {
			isa = PBXVariantGroup;
			children = (
				7A84FA1D2451C4F400F2C3A0 /* Base */,
			);
			name = LaunchScreen.storyboard;
			sourceTree = "<group>";
		};
/* End PBXVariantGroup section */

/* Begin XCBuildConfiguration section */
		7A84FA362451C4F500F2C3A0 /* Debug */ = {
			isa = XCBuildConfiguration;
			buildSettings = {
				ALWAYS_SEARCH_USER_PATHS = NO;
				CLANG_ANALYZER_NONNULL = YES;
				CLANG_ANALYZER_NUMBER_OBJECT_CONVERSION = YES_AGGRESSIVE;
				CLANG_CXX_LANGUAGE_STANDARD = "gnu++14";
				CLANG_CXX_LIBRARY = "libc++";
				CLANG_ENABLE_MODULES = YES;
				CLANG_ENABLE_OBJC_ARC = YES;
				CLANG_ENABLE_OBJC_WEAK = YES;
				CLANG_WARN_BLOCK_CAPTURE_AUTORELEASING = YES;
				CLANG_WARN_BOOL_CONVERSION = YES;
				CLANG_WARN_COMMA = YES;
				CLANG_WARN_CONSTANT_CONVERSION = YES;
				CLANG_WARN_DEPRECATED_OBJC_IMPLEMENTATIONS = YES;
				CLANG_WARN_DIRECT_OBJC_ISA_USAGE = YES_ERROR;
				CLANG_WARN_DOCUMENTATION_COMMENTS = YES;
				CLANG_WARN_EMPTY_BODY = YES;
				CLANG_WARN_ENUM_CONVERSION = YES;
				CLANG_WARN_INFINITE_RECURSION = YES;
				CLANG_WARN_INT_CONVERSION = YES;
				CLANG_WARN_NON_LITERAL_NULL_CONVERSION = YES;
				CLANG_WARN_OBJC_IMPLICIT_RETAIN_SELF = YES;
				CLANG_WARN_OBJC_LITERAL_CONVERSION = YES;
				CLANG_WARN_OBJC_ROOT_CLASS = YES_ERROR;
				CLANG_WARN_RANGE_LOOP_ANALYSIS = YES;
				CLANG_WARN_STRICT_PROTOTYPES = YES;
				CLANG_WARN_SUSPICIOUS_MOVE = YES;
				CLANG_WARN_UNGUARDED_AVAILABILITY = YES_AGGRESSIVE;
				CLANG_WARN_UNREACHABLE_CODE = YES;
				CLANG_WARN__DUPLICATE_METHOD_MATCH = YES;
				COPY_PHASE_STRIP = NO;
				DEBUG_INFORMATION_FORMAT = dwarf;
				ENABLE_STRICT_OBJC_MSGSEND = YES;
				ENABLE_TESTABILITY = YES;
				GCC_C_LANGUAGE_STANDARD = gnu11;
				GCC_DYNAMIC_NO_PIC = NO;
				GCC_NO_COMMON_BLOCKS = YES;
				GCC_OPTIMIZATION_LEVEL = 0;
				GCC_PREPROCESSOR_DEFINITIONS = (
					"DEBUG=1",
					"$(inherited)",
				);
				GCC_WARN_64_TO_32_BIT_CONVERSION = YES;
				GCC_WARN_ABOUT_RETURN_TYPE = YES_ERROR;
				GCC_WARN_UNDECLARED_SELECTOR = YES;
				GCC_WARN_UNINITIALIZED_AUTOS = YES_AGGRESSIVE;
				GCC_WARN_UNUSED_FUNCTION = YES;
				GCC_WARN_UNUSED_VARIABLE = YES;
				IPHONEOS_DEPLOYMENT_TARGET = 13.4;
				MTL_ENABLE_DEBUG_INFO = INCLUDE_SOURCE;
				MTL_FAST_MATH = YES;
				ONLY_ACTIVE_ARCH = YES;
				SDKROOT = iphoneos;
				SWIFT_ACTIVE_COMPILATION_CONDITIONS = DEBUG;
				SWIFT_OPTIMIZATION_LEVEL = "-Onone";
			};
			name = Debug;
		};
		7A84FA372451C4F500F2C3A0 /* Release */ = {
			isa = XCBuildConfiguration;
			buildSettings = {
				ALWAYS_SEARCH_USER_PATHS = NO;
				CLANG_ANALYZER_NONNULL = YES;
				CLANG_ANALYZER_NUMBER_OBJECT_CONVERSION = YES_AGGRESSIVE;
				CLANG_CXX_LANGUAGE_STANDARD = "gnu++14";
				CLANG_CXX_LIBRARY = "libc++";
				CLANG_ENABLE_MODULES = YES;
				CLANG_ENABLE_OBJC_ARC = YES;
				CLANG_ENABLE_OBJC_WEAK = YES;
				CLANG_WARN_BLOCK_CAPTURE_AUTORELEASING = YES;
				CLANG_WARN_BOOL_CONVERSION = YES;
				CLANG_WARN_COMMA = YES;
				CLANG_WARN_CONSTANT_CONVERSION = YES;
				CLANG_WARN_DEPRECATED_OBJC_IMPLEMENTATIONS = YES;
				CLANG_WARN_DIRECT_OBJC_ISA_USAGE = YES_ERROR;
				CLANG_WARN_DOCUMENTATION_COMMENTS = YES;
				CLANG_WARN_EMPTY_BODY = YES;
				CLANG_WARN_ENUM_CONVERSION = YES;
				CLANG_WARN_INFINITE_RECURSION = YES;
				CLANG_WARN_INT_CONVERSION = YES;
				CLANG_WARN_NON_LITERAL_NULL_CONVERSION = YES;
				CLANG_WARN_OBJC_IMPLICIT_RETAIN_SELF = YES;
				CLANG_WARN_OBJC_LITERAL_CONVERSION = YES;
				CLANG_WARN_OBJC_ROOT_CLASS = YES_ERROR;
				CLANG_WARN_RANGE_LOOP_ANALYSIS = YES;
				CLANG_WARN_STRICT_PROTOTYPES = YES;
				CLANG_WARN_SUSPICIOUS_MOVE = YES;
				CLANG_WARN_UNGUARDED_AVAILABILITY = YES_AGGRESSIVE;
				CLANG_WARN_UNREACHABLE_CODE = YES;
				CLANG_WARN__DUPLICATE_METHOD_MATCH = YES;
				COPY_PHASE_STRIP = NO;
				DEBUG_INFORMATION_FORMAT = "dwarf-with-dsym";
				ENABLE_NS_ASSERTIONS = NO;
				ENABLE_STRICT_OBJC_MSGSEND = YES;
				GCC_C_LANGUAGE_STANDARD = gnu11;
				GCC_NO_COMMON_BLOCKS = YES;
				GCC_WARN_64_TO_32_BIT_CONVERSION = YES;
				GCC_WARN_ABOUT_RETURN_TYPE = YES_ERROR;
				GCC_WARN_UNDECLARED_SELECTOR = YES;
				GCC_WARN_UNINITIALIZED_AUTOS = YES_AGGRESSIVE;
				GCC_WARN_UNUSED_FUNCTION = YES;
				GCC_WARN_UNUSED_VARIABLE = YES;
				IPHONEOS_DEPLOYMENT_TARGET = 13.4;
				MTL_ENABLE_DEBUG_INFO = NO;
				MTL_FAST_MATH = YES;
				SDKROOT = iphoneos;
				SWIFT_COMPILATION_MODE = wholemodule;
				SWIFT_OPTIMIZATION_LEVEL = "-O";
				VALIDATE_PRODUCT = YES;
			};
			name = Release;
		};
		7A84FA392451C4F500F2C3A0 /* Debug */ = {
			isa = XCBuildConfiguration;
			buildSettings = {
				ASSETCATALOG_COMPILER_APPICON_NAME = AppIcon;
				CODE_SIGN_STYLE = Automatic;
				DEVELOPMENT_TEAM = 4M6TZN494F;
				INFOPLIST_FILE = "mvvm-r/Info.plist";
				LD_RUNPATH_SEARCH_PATHS = (
					"$(inherited)",
					"@executable_path/Frameworks",
				);
				MARKETING_VERSION = 1.0.0;
				PRODUCT_BUNDLE_IDENTIFIER = com.aslanmehmetsalih.mvvmr;
				PRODUCT_NAME = "$(TARGET_NAME)";
				SWIFT_VERSION = 5.0;
				TARGETED_DEVICE_FAMILY = "1,2";
			};
			name = Debug;
		};
		7A84FA3A2451C4F500F2C3A0 /* Release */ = {
			isa = XCBuildConfiguration;
			buildSettings = {
				ASSETCATALOG_COMPILER_APPICON_NAME = AppIcon;
				CODE_SIGN_STYLE = Automatic;
				DEVELOPMENT_TEAM = 4M6TZN494F;
				INFOPLIST_FILE = "mvvm-r/Info.plist";
				LD_RUNPATH_SEARCH_PATHS = (
					"$(inherited)",
					"@executable_path/Frameworks",
				);
				MARKETING_VERSION = 1.0.0;
				PRODUCT_BUNDLE_IDENTIFIER = com.aslanmehmetsalih.mvvmr;
				PRODUCT_NAME = "$(TARGET_NAME)";
				SWIFT_VERSION = 5.0;
				TARGETED_DEVICE_FAMILY = "1,2";
			};
			name = Release;
		};
		7A84FA3C2451C4F500F2C3A0 /* Debug */ = {
			isa = XCBuildConfiguration;
			buildSettings = {
				ALWAYS_EMBED_SWIFT_STANDARD_LIBRARIES = YES;
				BUNDLE_LOADER = "$(TEST_HOST)";
				CODE_SIGN_STYLE = Automatic;
				DEVELOPMENT_TEAM = 6WJEW78823;
				INFOPLIST_FILE = "mvvm-rTests/Info.plist";
				IPHONEOS_DEPLOYMENT_TARGET = 13.4;
				LD_RUNPATH_SEARCH_PATHS = (
					"$(inherited)",
					"@executable_path/Frameworks",
					"@loader_path/Frameworks",
				);
				PRODUCT_BUNDLE_IDENTIFIER = "com.aslanmehmetsalih.mvvm-rTests";
				PRODUCT_NAME = "$(TARGET_NAME)";
				SWIFT_VERSION = 5.0;
				TARGETED_DEVICE_FAMILY = "1,2";
				TEST_HOST = "$(BUILT_PRODUCTS_DIR)/mvvm-r.app/mvvm-r";
			};
			name = Debug;
		};
		7A84FA3D2451C4F500F2C3A0 /* Release */ = {
			isa = XCBuildConfiguration;
			buildSettings = {
				ALWAYS_EMBED_SWIFT_STANDARD_LIBRARIES = YES;
				BUNDLE_LOADER = "$(TEST_HOST)";
				CODE_SIGN_STYLE = Automatic;
				DEVELOPMENT_TEAM = 6WJEW78823;
				INFOPLIST_FILE = "mvvm-rTests/Info.plist";
				IPHONEOS_DEPLOYMENT_TARGET = 13.4;
				LD_RUNPATH_SEARCH_PATHS = (
					"$(inherited)",
					"@executable_path/Frameworks",
					"@loader_path/Frameworks",
				);
				PRODUCT_BUNDLE_IDENTIFIER = "com.aslanmehmetsalih.mvvm-rTests";
				PRODUCT_NAME = "$(TARGET_NAME)";
				SWIFT_VERSION = 5.0;
				TARGETED_DEVICE_FAMILY = "1,2";
				TEST_HOST = "$(BUILT_PRODUCTS_DIR)/mvvm-r.app/mvvm-r";
			};
			name = Release;
		};
		7A84FA3F2451C4F500F2C3A0 /* Debug */ = {
			isa = XCBuildConfiguration;
			buildSettings = {
				ALWAYS_EMBED_SWIFT_STANDARD_LIBRARIES = YES;
				CODE_SIGN_STYLE = Automatic;
				DEVELOPMENT_TEAM = 6WJEW78823;
				INFOPLIST_FILE = "mvvm-rUITests/Info.plist";
				LD_RUNPATH_SEARCH_PATHS = (
					"$(inherited)",
					"@executable_path/Frameworks",
					"@loader_path/Frameworks",
				);
				PRODUCT_BUNDLE_IDENTIFIER = "com.aslanmehmetsalih.mvvm-rUITests";
				PRODUCT_NAME = "$(TARGET_NAME)";
				SWIFT_VERSION = 5.0;
				TARGETED_DEVICE_FAMILY = "1,2";
				TEST_TARGET_NAME = "mvvm-r";
			};
			name = Debug;
		};
		7A84FA402451C4F500F2C3A0 /* Release */ = {
			isa = XCBuildConfiguration;
			buildSettings = {
				ALWAYS_EMBED_SWIFT_STANDARD_LIBRARIES = YES;
				CODE_SIGN_STYLE = Automatic;
				DEVELOPMENT_TEAM = 6WJEW78823;
				INFOPLIST_FILE = "mvvm-rUITests/Info.plist";
				LD_RUNPATH_SEARCH_PATHS = (
					"$(inherited)",
					"@executable_path/Frameworks",
					"@loader_path/Frameworks",
				);
				PRODUCT_BUNDLE_IDENTIFIER = "com.aslanmehmetsalih.mvvm-rUITests";
				PRODUCT_NAME = "$(TARGET_NAME)";
				SWIFT_VERSION = 5.0;
				TARGETED_DEVICE_FAMILY = "1,2";
				TEST_TARGET_NAME = "mvvm-r";
			};
			name = Release;
		};
/* End XCBuildConfiguration section */

/* Begin XCConfigurationList section */
		7A84FA092451C4F200F2C3A0 /* Build configuration list for PBXProject "mvvm-r" */ = {
			isa = XCConfigurationList;
			buildConfigurations = (
				7A84FA362451C4F500F2C3A0 /* Debug */,
				7A84FA372451C4F500F2C3A0 /* Release */,
			);
			defaultConfigurationIsVisible = 0;
			defaultConfigurationName = Release;
		};
		7A84FA382451C4F500F2C3A0 /* Build configuration list for PBXNativeTarget "mvvm-r" */ = {
			isa = XCConfigurationList;
			buildConfigurations = (
				7A84FA392451C4F500F2C3A0 /* Debug */,
				7A84FA3A2451C4F500F2C3A0 /* Release */,
			);
			defaultConfigurationIsVisible = 0;
			defaultConfigurationName = Release;
		};
		7A84FA3B2451C4F500F2C3A0 /* Build configuration list for PBXNativeTarget "mvvm-rTests" */ = {
			isa = XCConfigurationList;
			buildConfigurations = (
				7A84FA3C2451C4F500F2C3A0 /* Debug */,
				7A84FA3D2451C4F500F2C3A0 /* Release */,
			);
			defaultConfigurationIsVisible = 0;
			defaultConfigurationName = Release;
		};
		7A84FA3E2451C4F500F2C3A0 /* Build configuration list for PBXNativeTarget "mvvm-rUITests" */ = {
			isa = XCConfigurationList;
			buildConfigurations = (
				7A84FA3F2451C4F500F2C3A0 /* Debug */,
				7A84FA402451C4F500F2C3A0 /* Release */,
			);
			defaultConfigurationIsVisible = 0;
			defaultConfigurationName = Release;
		};
/* End XCConfigurationList section */

/* Begin XCRemoteSwiftPackageReference section */
		7A84FA412451C9AC00F2C3A0 /* XCRemoteSwiftPackageReference "Alamofire" */ = {
			isa = XCRemoteSwiftPackageReference;
			repositoryURL = "https://github.com/Alamofire/Alamofire.git";
			requirement = {
				kind = upToNextMajorVersion;
				minimumVersion = 5.1.0;
			};
		};
		7A8E3C472453719B00C09337 /* XCRemoteSwiftPackageReference "TinyConstraints" */ = {
			isa = XCRemoteSwiftPackageReference;
			repositoryURL = "https://github.com/roberthein/TinyConstraints.git";
			requirement = {
				kind = upToNextMajorVersion;
				minimumVersion = 4.0.1;
			};
		};
		7A8E3C5224537D7900C09337 /* XCRemoteSwiftPackageReference "SwiftEntryKit" */ = {
			isa = XCRemoteSwiftPackageReference;
			repositoryURL = "https://github.com/huri000/SwiftEntryKit.git";
			requirement = {
				kind = upToNextMajorVersion;
				minimumVersion = 1.2.3;
			};
		};
		7A8E3C5524537DDD00C09337 /* XCRemoteSwiftPackageReference "NVActivityIndicatorView" */ = {
			isa = XCRemoteSwiftPackageReference;
			repositoryURL = "https://github.com/ninjaprox/NVActivityIndicatorView.git";
			requirement = {
				kind = upToNextMajorVersion;
				minimumVersion = 4.8.0;
			};
		};
		7A8E3C6E2453951600C09337 /* XCRemoteSwiftPackageReference "Kingfisher" */ = {
			isa = XCRemoteSwiftPackageReference;
			repositoryURL = "https://github.com/onevcat/Kingfisher.git";
			requirement = {
				kind = upToNextMajorVersion;
				minimumVersion = 5.13.4;
			};
		};
/* End XCRemoteSwiftPackageReference section */

/* Begin XCSwiftPackageProductDependency section */
		7A84FA422451C9AC00F2C3A0 /* Alamofire */ = {
			isa = XCSwiftPackageProductDependency;
			package = 7A84FA412451C9AC00F2C3A0 /* XCRemoteSwiftPackageReference "Alamofire" */;
			productName = Alamofire;
		};
		7A8E3C482453719B00C09337 /* TinyConstraints */ = {
			isa = XCSwiftPackageProductDependency;
			package = 7A8E3C472453719B00C09337 /* XCRemoteSwiftPackageReference "TinyConstraints" */;
			productName = TinyConstraints;
		};
		7A8E3C5324537D7900C09337 /* SwiftEntryKit */ = {
			isa = XCSwiftPackageProductDependency;
			package = 7A8E3C5224537D7900C09337 /* XCRemoteSwiftPackageReference "SwiftEntryKit" */;
			productName = SwiftEntryKit;
		};
		7A8E3C5624537DDD00C09337 /* NVActivityIndicatorView */ = {
			isa = XCSwiftPackageProductDependency;
			package = 7A8E3C5524537DDD00C09337 /* XCRemoteSwiftPackageReference "NVActivityIndicatorView" */;
			productName = NVActivityIndicatorView;
		};
		7A8E3C6F2453951600C09337 /* Kingfisher */ = {
			isa = XCSwiftPackageProductDependency;
			package = 7A8E3C6E2453951600C09337 /* XCRemoteSwiftPackageReference "Kingfisher" */;
			productName = Kingfisher;
		};
/* End XCSwiftPackageProductDependency section */
	};
	rootObject = 7A84FA062451C4F200F2C3A0 /* Project object */;
}
